
Microsoft Visual Studio Solution File, Format Version 12.00
# Visual Studio Version 17
VisualStudioVersion = 17.4.33213.308
MinimumVisualStudioVersion = 10.0.40219.1
Project("{9A19103F-16F7-4668-BE54-9A1E7A4F7556}") = "FormulaEvaluator", "FormulaEvaluator\FormulaEvaluator.csproj", "{E9399CD9-E594-479A-BDD1-ABC5BF173111}"
EndProject
Project("{2150E333-8FDC-42A3-9474-1A3956D46DE8}") = "Solution Items", "Solution Items", "{801B0FF8-57F6-4A24-A434-35F66D9E4782}"
	ProjectSection(SolutionItems) = preProject
		README.md = README.md
	EndProjectSection
EndProject
Project("{9A19103F-16F7-4668-BE54-9A1E7A4F7556}") = "FormulaEvaluatorTester", "FormulaEvaluatorTester\FormulaEvaluatorTester.csproj", "{9E1A805C-ABD2-4E19-9C77-EDFB893B9C62}"
EndProject
Project("{9A19103F-16F7-4668-BE54-9A1E7A4F7556}") = "GradingTests", "GradingTests\GradingTests.csproj", "{66740101-CA60-44A2-88C3-09544CEC2D56}"
EndProject
Project("{9A19103F-16F7-4668-BE54-9A1E7A4F7556}") = "DependencyGraph", "DependencyGraph\DependencyGraph.csproj", "{1C13D4B7-288C-4712-A633-770C26F4A836}"
EndProject
Project("{9A19103F-16F7-4668-BE54-9A1E7A4F7556}") = "DependencyGraphTests", "DependencyGraphTests\DependencyGraphTests.csproj", "{0576CE4C-329D-4D3B-B8A8-F5F27BB29D42}"
EndProject
Project("{9A19103F-16F7-4668-BE54-9A1E7A4F7556}") = "Formula", "Formula\Formula.csproj", "{72899016-8F11-483C-9A3C-78D5D9813C65}"
EndProject
Project("{9A19103F-16F7-4668-BE54-9A1E7A4F7556}") = "FormulaTests", "FormulaTests\FormulaTests.csproj", "{AE377F3D-8DDA-44EF-BAFD-AD2C4BFB1E02}"
EndProject
Project("{FAE04EC0-301F-11D3-BF4B-00C04F79EFBC}") = "Spreadsheet", "Spreadsheet\Spreadsheet.csproj", "{DFB7DC09-28DA-4EF3-AE52-879533051773}"
EndProject
Global
	GlobalSection(SolutionConfigurationPlatforms) = preSolution
		Debug|Any CPU = Debug|Any CPU
		Release|Any CPU = Release|Any CPU
	EndGlobalSection
	GlobalSection(ProjectConfigurationPlatforms) = postSolution
		{E9399CD9-E594-479A-BDD1-ABC5BF173111}.Debug|Any CPU.ActiveCfg = Debug|Any CPU
		{E9399CD9-E594-479A-BDD1-ABC5BF173111}.Debug|Any CPU.Build.0 = Debug|Any CPU
		{E9399CD9-E594-479A-BDD1-ABC5BF173111}.Release|Any CPU.ActiveCfg = Release|Any CPU
		{E9399CD9-E594-479A-BDD1-ABC5BF173111}.Release|Any CPU.Build.0 = Release|Any CPU
		{9E1A805C-ABD2-4E19-9C77-EDFB893B9C62}.Debug|Any CPU.ActiveCfg = Debug|Any CPU
		{9E1A805C-ABD2-4E19-9C77-EDFB893B9C62}.Debug|Any CPU.Build.0 = Debug|Any CPU
		{9E1A805C-ABD2-4E19-9C77-EDFB893B9C62}.Release|Any CPU.ActiveCfg = Release|Any CPU
		{9E1A805C-ABD2-4E19-9C77-EDFB893B9C62}.Release|Any CPU.Build.0 = Release|Any CPU
		{66740101-CA60-44A2-88C3-09544CEC2D56}.Debug|Any CPU.ActiveCfg = Debug|Any CPU
		{66740101-CA60-44A2-88C3-09544CEC2D56}.Debug|Any CPU.Build.0 = Debug|Any CPU
		{66740101-CA60-44A2-88C3-09544CEC2D56}.Release|Any CPU.ActiveCfg = Release|Any CPU
		{66740101-CA60-44A2-88C3-09544CEC2D56}.Release|Any CPU.Build.0 = Release|Any CPU
		{1C13D4B7-288C-4712-A633-770C26F4A836}.Debug|Any CPU.ActiveCfg = Debug|Any CPU
		{1C13D4B7-288C-4712-A633-770C26F4A836}.Debug|Any CPU.Build.0 = Debug|Any CPU
		{1C13D4B7-288C-4712-A633-770C26F4A836}.Release|Any CPU.ActiveCfg = Release|Any CPU
		{1C13D4B7-288C-4712-A633-770C26F4A836}.Release|Any CPU.Build.0 = Release|Any CPU
		{0576CE4C-329D-4D3B-B8A8-F5F27BB29D42}.Debug|Any CPU.ActiveCfg = Debug|Any CPU
		{0576CE4C-329D-4D3B-B8A8-F5F27BB29D42}.Debug|Any CPU.Build.0 = Debug|Any CPU
		{0576CE4C-329D-4D3B-B8A8-F5F27BB29D42}.Release|Any CPU.ActiveCfg = Release|Any CPU
		{0576CE4C-329D-4D3B-B8A8-F5F27BB29D42}.Release|Any CPU.Build.0 = Release|Any CPU
		{72899016-8F11-483C-9A3C-78D5D9813C65}.Debug|Any CPU.ActiveCfg = Debug|Any CPU
		{72899016-8F11-483C-9A3C-78D5D9813C65}.Debug|Any CPU.Build.0 = Debug|Any CPU
		{72899016-8F11-483C-9A3C-78D5D9813C65}.Release|Any CPU.ActiveCfg = Release|Any CPU
		{72899016-8F11-483C-9A3C-78D5D9813C65}.Release|Any CPU.Build.0 = Release|Any CPU
		{AE377F3D-8DDA-44EF-BAFD-AD2C4BFB1E02}.Debug|Any CPU.ActiveCfg = Debug|Any CPU
		{AE377F3D-8DDA-44EF-BAFD-AD2C4BFB1E02}.Debug|Any CPU.Build.0 = Debug|Any CPU
		{AE377F3D-8DDA-44EF-BAFD-AD2C4BFB1E02}.Release|Any CPU.ActiveCfg = Release|Any CPU
		{AE377F3D-8DDA-44EF-BAFD-AD2C4BFB1E02}.Release|Any CPU.Build.0 = Release|Any CPU
		{DFB7DC09-28DA-4EF3-AE52-879533051773}.Debug|Any CPU.ActiveCfg = Debug|Any CPU
		{DFB7DC09-28DA-4EF3-AE52-879533051773}.Debug|Any CPU.Build.0 = Debug|Any CPU
		{DFB7DC09-28DA-4EF3-AE52-879533051773}.Release|Any CPU.ActiveCfg = Release|Any CPU
		{DFB7DC09-28DA-4EF3-AE52-879533051773}.Release|Any CPU.Build.0 = Release|Any CPU
	EndGlobalSection
	GlobalSection(SolutionProperties) = preSolution
		HideSolutionNode = FALSE
	EndGlobalSection
	GlobalSection(ExtensibilityGlobals) = postSolution
		SolutionGuid = {A4F0FF57-4120-4D26-AAE4-EB95B17678A2}
	EndGlobalSection
EndGlobal
